
Microsoft Visual Studio Solution File, Format Version 12.00
# Visual Studio Version 17
VisualStudioVersion = 17.14.36518.9 d17.14
MinimumVisualStudioVersion = 10.0.40219.1
Project("{FAE04EC0-301F-11D3-BF4B-00C04F79EFBC}") = "Mallenom_1", "Mallenom_1\Mallenom_1.csproj", "{14158191-5C18-41EE-AF9A-0545D43706FA}"
EndProject
Global
	GlobalSection(SolutionConfigurationPlatforms) = preSolution
		Debug|Any CPU = Debug|Any CPU
		Release|Any CPU = Release|Any CPU
	EndGlobalSection
	GlobalSection(ProjectConfigurationPlatforms) = postSolution
		{14158191-5C18-41EE-AF9A-0545D43706FA}.Debug|Any CPU.ActiveCfg = Debug|Any CPU
		{14158191-5C18-41EE-AF9A-0545D43706FA}.Debug|Any CPU.Build.0 = Debug|Any CPU
		{14158191-5C18-41EE-AF9A-0545D43706FA}.Release|Any CPU.ActiveCfg = Release|Any CPU
		{14158191-5C18-41EE-AF9A-0545D43706FA}.Release|Any CPU.Build.0 = Release|Any CPU
	EndGlobalSection
	GlobalSection(SolutionProperties) = preSolution
		HideSolutionNode = FALSE
	EndGlobalSection
	GlobalSection(ExtensibilityGlobals) = postSolution
		SolutionGuid = {58E7EE40-71D2-47DA-AB39-145E4301EC29}
	EndGlobalSection
EndGlobal
